{
  "version": "v1",
  "packages": {
    "@qti-components/prosemirror": {
      "signature": "45ce4b4fca51223963902bd09302a022",
      "file": true,
      "replaced": "workspace:*"
    },
    "@qti-components/base": {
      "signature": "f10259bf3194202fb6b73a3e1c10dabc",
      "file": true,
      "replaced": "workspace:*"
    },
    "@qti-components/utilities": {
      "signature": "ffffac2a8fb493a65f17115df1f3b618",
      "file": true,
      "replaced": "workspace:*"
    },
    "@qti-components/interactions": {
      "signature": "bdb25145a2ed17bbe301bc3962a1cd21",
      "file": true,
      "replaced": "workspace:*"
    },
    "@qti-components/theme": {
      "signature": "58916d6ed03680807e01cdd4a0f84878",
      "file": true,
      "replaced": "workspace:*"
    }
  }
}