{
  "version": "v1",
  "packages": {
    "@qti-components/base": {
      "signature": "f10259bf3194202fb6b73a3e1c10dabc",
      "file": true
    },
    "@qti-components/utilities": {
      "signature": "ffffac2a8fb493a65f17115df1f3b618",
      "file": true
    },
    "@qti-components/interactions": {
      "signature": "e68af198f48b323f3e87bac305fab2f0",
      "file": true
    },
    "@qti-components/theme": {
      "signature": "58916d6ed03680807e01cdd4a0f84878",
      "file": true
    }
  }
}
