{
  "version": "v1",
  "packages": {
    "@qti-components/base": {
      "signature": "c7896678beacb958660926aa109616ae",
      "file": true
    },
    "@qti-components/interactions": {
      "signature": "8883825d1621071ebc0650be72c24370",
      "file": true
    },
    "@qti-components/prosemirror": {
      "signature": "472f87acdab53ea78e4c36bb38a5d039",
      "file": true
    },
    "@qti-components/theme": {
      "signature": "deeecbdeaa8162dcd30a42d1ec9727fe",
      "file": true
    },
    "@qti-components/utilities": {
      "signature": "c4300dfae81fc6ddb784779d763727a0",
      "file": true
    }
  }
}